{
  "nodes": {
    "fhirPublisherJarFile": {
      "flake": false,
      "locked": {
        "narHash": "sha256-YBhem06I/xG+CqN85Qmh2bY4i3ijRI5JV3Y7IeqcPxY=",
        "type": "file",
        "url": "https://github.com/HL7/fhir-ig-publisher/releases/download/1.6.7/publisher.jar"
      },
      "original": {
        "type": "file",
        "url": "https://github.com/HL7/fhir-ig-publisher/releases/download/1.6.7/publisher.jar"
      }
    },
    "nixpkgs": {
      "locked": {
        "lastModified": 1715787315,
        "narHash": "sha256-cYApT0NXJfqBkKcci7D9Kr4CBYZKOQKDYA23q8XNuWg=",
        "owner": "nixos",
        "repo": "nixpkgs",
        "rev": "33d1e753c82ffc557b4a585c77de43d4c922ebb5",
        "type": "github"
      },
      "original": {
        "owner": "nixos",
        "ref": "nixos-unstable",
        "repo": "nixpkgs",
        "type": "github"
      }
    },
    "root": {
      "inputs": {
        "fhirPublisherJarFile": "fhirPublisherJarFile",
        "nixpkgs": "nixpkgs"
      }
    }
  },
  "root": "root",
  "version": 7
}
