{
  "nodes": {
    "fhirPublisherJarFile": {
      "flake": false,
      "locked": {
        "narHash": "sha256-YBhem06I/xG+CqN85Qmh2bY4i3ijRI5JV3Y7IeqcPxY=",
        "type": "file",
        "url": "https://github.com/HL7/fhir-ig-publisher/releases/download/1.6.7/publisher.jar"
      },
      "original": {
        "type": "file",
        "url": "https://github.com/HL7/fhir-ig-publisher/releases/download/1.6.7/publisher.jar"
      }
    },
    "nixpkgs": {
      "locked": {
        "lastModified": 1715787315,
        "narHash": "sha256-cYApT0NXJfqBkKcci7D9Kr4CBYZKOQKDYA23q8XNuWg=",
        "owner": "nixos",
        "repo": "nixpkgs",
        "rev": "33d1e753c82ffc557b4a585c77de43d4c922ebb5",
        "type": "github"
      },
      "original": {
        "owner": "nixos",
        "ref": "nixos-unstable",
        "repo": "nixpkgs",
        "type": "github"
      }
    },
    "nixpkgs_2": {
      "locked": {
        "lastModified": 1678875422,
        "narHash": "sha256-T3o6NcQPwXjxJMn2shz86Chch4ljXgZn746c2caGxd8=",
        "owner": "NixOS",
        "repo": "nixpkgs",
        "rev": "126f49a01de5b7e35a43fd43f891ecf6d3a51459",
        "type": "github"
      },
      "original": {
        "id": "nixpkgs",
        "type": "indirect"
      }
    },
    "root": {
      "inputs": {
        "fhirPublisherJarFile": "fhirPublisherJarFile",
        "nixpkgs": "nixpkgs",
        "ruby-nix": "ruby-nix"
      }
    },
    "ruby-nix": {
      "inputs": {
        "nixpkgs": "nixpkgs_2"
      },
      "locked": {
        "lastModified": 1714484206,
        "narHash": "sha256-oZc9WkCeqfgrwqDAxrUPMi+E88rBSGoGOcho9QI279Q=",
        "owner": "inscapist",
        "repo": "ruby-nix",
        "rev": "7a8ec4a1d67a777c7280362ad88e72048c258962",
        "type": "github"
      },
      "original": {
        "owner": "inscapist",
        "repo": "ruby-nix",
        "type": "github"
      }
    }
  },
  "root": "root",
  "version": 7
}
